
Microsoft Visual Studio Solution File, Format Version 12.00
# Visual Studio Version 16
VisualStudioVersion = 16.0.30611.23
MinimumVisualStudioVersion = 10.0.40219.1
Project("{FAE04EC0-301F-11D3-BF4B-00C04F79EFBC}") = "Bursa", "Bursa.csproj", "{749DEE61-CAC7-4DA6-9D59-684B5D3FB455}"
EndProject
Global
	GlobalSection(SolutionConfigurationPlatforms) = preSolution
		Debug|Any CPU = Debug|Any CPU
		Release|Any CPU = Release|Any CPU
	EndGlobalSection
	GlobalSection(ProjectConfigurationPlatforms) = postSolution
		{749DEE61-CAC7-4DA6-9D59-684B5D3FB455}.Debug|Any CPU.ActiveCfg = Debug|Any CPU
		{749DEE61-CAC7-4DA6-9D59-684B5D3FB455}.Debug|Any CPU.Build.0 = Debug|Any CPU
		{749DEE61-CAC7-4DA6-9D59-684B5D3FB455}.Release|Any CPU.ActiveCfg = Release|Any CPU
		{749DEE61-CAC7-4DA6-9D59-684B5D3FB455}.Release|Any CPU.Build.0 = Release|Any CPU
	EndGlobalSection
	GlobalSection(SolutionProperties) = preSolution
		HideSolutionNode = FALSE
	EndGlobalSection
	GlobalSection(ExtensibilityGlobals) = postSolution
		SolutionGuid = {3AD47AA3-C360-4FBD-AC40-2AC37078AB81}
	EndGlobalSection
EndGlobal
